
Microsoft Visual Studio Solution File, Format Version 12.00
# Visual Studio 2012
Project("{FAE04EC0-301F-11D3-BF4B-00C04F79EFBC}") = "MygodPuzzle", "MygodPuzzle\MygodPuzzle.csproj", "{52DF90B2-6A9C-4A3C-8C26-FC49DDACDD27}"
EndProject
Project("{FAE04EC0-301F-11D3-BF4B-00C04F79EFBC}") = "WPFToolkit.Extended", "..\..\Other\ExtendedWPFToolkitSolution\Src\WPFToolkit.Extended\WPFToolkit.Extended.csproj", "{72E591D6-8F83-4D8C-8F67-9C325E623234}"
EndProject
Global
	GlobalSection(SolutionConfigurationPlatforms) = preSolution
		Debug|Any CPU = Debug|Any CPU
		Debug|Mixed Platforms = Debug|Mixed Platforms
		Debug|x86 = Debug|x86
		DebugSnk|Any CPU = DebugSnk|Any CPU
		DebugSnk|Mixed Platforms = DebugSnk|Mixed Platforms
		DebugSnk|x86 = DebugSnk|x86
		Release|Any CPU = Release|Any CPU
		Release|Mixed Platforms = Release|Mixed Platforms
		Release|x86 = Release|x86
		ReleaseSnk|Any CPU = ReleaseSnk|Any CPU
		ReleaseSnk|Mixed Platforms = ReleaseSnk|Mixed Platforms
		ReleaseSnk|x86 = ReleaseSnk|x86
	EndGlobalSection
	GlobalSection(ProjectConfigurationPlatforms) = postSolution
		{52DF90B2-6A9C-4A3C-8C26-FC49DDACDD27}.Debug|Any CPU.ActiveCfg = Debug|Any CPU
		{52DF90B2-6A9C-4A3C-8C26-FC49DDACDD27}.Debug|Any CPU.Build.0 = Debug|Any CPU
		{52DF90B2-6A9C-4A3C-8C26-FC49DDACDD27}.Debug|Mixed Platforms.ActiveCfg = Debug|Any CPU
		{52DF90B2-6A9C-4A3C-8C26-FC49DDACDD27}.Debug|Mixed Platforms.Build.0 = Debug|Any CPU
		{52DF90B2-6A9C-4A3C-8C26-FC49DDACDD27}.Debug|x86.ActiveCfg = Debug|Any CPU
		{52DF90B2-6A9C-4A3C-8C26-FC49DDACDD27}.DebugSnk|Any CPU.ActiveCfg = Debug|Any CPU
		{52DF90B2-6A9C-4A3C-8C26-FC49DDACDD27}.DebugSnk|Any CPU.Build.0 = Debug|Any CPU
		{52DF90B2-6A9C-4A3C-8C26-FC49DDACDD27}.DebugSnk|Mixed Platforms.ActiveCfg = Debug|Any CPU
		{52DF90B2-6A9C-4A3C-8C26-FC49DDACDD27}.DebugSnk|Mixed Platforms.Build.0 = Debug|Any CPU
		{52DF90B2-6A9C-4A3C-8C26-FC49DDACDD27}.DebugSnk|x86.ActiveCfg = Debug|Any CPU
		{52DF90B2-6A9C-4A3C-8C26-FC49DDACDD27}.Release|Any CPU.ActiveCfg = Release|Any CPU
		{52DF90B2-6A9C-4A3C-8C26-FC49DDACDD27}.Release|Any CPU.Build.0 = Release|Any CPU
		{52DF90B2-6A9C-4A3C-8C26-FC49DDACDD27}.Release|Mixed Platforms.ActiveCfg = Release|Any CPU
		{52DF90B2-6A9C-4A3C-8C26-FC49DDACDD27}.Release|Mixed Platforms.Build.0 = Release|Any CPU
		{52DF90B2-6A9C-4A3C-8C26-FC49DDACDD27}.Release|x86.ActiveCfg = Release|Any CPU
		{52DF90B2-6A9C-4A3C-8C26-FC49DDACDD27}.ReleaseSnk|Any CPU.ActiveCfg = Release|Any CPU
		{52DF90B2-6A9C-4A3C-8C26-FC49DDACDD27}.ReleaseSnk|Any CPU.Build.0 = Release|Any CPU
		{52DF90B2-6A9C-4A3C-8C26-FC49DDACDD27}.ReleaseSnk|Mixed Platforms.ActiveCfg = Release|Any CPU
		{52DF90B2-6A9C-4A3C-8C26-FC49DDACDD27}.ReleaseSnk|Mixed Platforms.Build.0 = Release|Any CPU
		{52DF90B2-6A9C-4A3C-8C26-FC49DDACDD27}.ReleaseSnk|x86.ActiveCfg = Release|Any CPU
		{72E591D6-8F83-4D8C-8F67-9C325E623234}.Debug|Any CPU.ActiveCfg = Debug|Any CPU
		{72E591D6-8F83-4D8C-8F67-9C325E623234}.Debug|Any CPU.Build.0 = Debug|Any CPU
		{72E591D6-8F83-4D8C-8F67-9C325E623234}.Debug|Mixed Platforms.ActiveCfg = Debug|Any CPU
		{72E591D6-8F83-4D8C-8F67-9C325E623234}.Debug|Mixed Platforms.Build.0 = Debug|Any CPU
		{72E591D6-8F83-4D8C-8F67-9C325E623234}.Debug|x86.ActiveCfg = Debug|Any CPU
		{72E591D6-8F83-4D8C-8F67-9C325E623234}.DebugSnk|Any CPU.ActiveCfg = Debug|Any CPU
		{72E591D6-8F83-4D8C-8F67-9C325E623234}.DebugSnk|Any CPU.Build.0 = Debug|Any CPU
		{72E591D6-8F83-4D8C-8F67-9C325E623234}.DebugSnk|Mixed Platforms.ActiveCfg = Debug|Any CPU
		{72E591D6-8F83-4D8C-8F67-9C325E623234}.DebugSnk|Mixed Platforms.Build.0 = Debug|Any CPU
		{72E591D6-8F83-4D8C-8F67-9C325E623234}.DebugSnk|x86.ActiveCfg = Debug|Any CPU
		{72E591D6-8F83-4D8C-8F67-9C325E623234}.Release|Any CPU.ActiveCfg = Release|Any CPU
		{72E591D6-8F83-4D8C-8F67-9C325E623234}.Release|Any CPU.Build.0 = Release|Any CPU
		{72E591D6-8F83-4D8C-8F67-9C325E623234}.Release|Mixed Platforms.ActiveCfg = Release|Any CPU
		{72E591D6-8F83-4D8C-8F67-9C325E623234}.Release|Mixed Platforms.Build.0 = Release|Any CPU
		{72E591D6-8F83-4D8C-8F67-9C325E623234}.Release|x86.ActiveCfg = Release|Any CPU
		{72E591D6-8F83-4D8C-8F67-9C325E623234}.ReleaseSnk|Any CPU.ActiveCfg = Release|Any CPU
		{72E591D6-8F83-4D8C-8F67-9C325E623234}.ReleaseSnk|Any CPU.Build.0 = Release|Any CPU
		{72E591D6-8F83-4D8C-8F67-9C325E623234}.ReleaseSnk|Mixed Platforms.ActiveCfg = Release|Any CPU
		{72E591D6-8F83-4D8C-8F67-9C325E623234}.ReleaseSnk|Mixed Platforms.Build.0 = Release|Any CPU
		{72E591D6-8F83-4D8C-8F67-9C325E623234}.ReleaseSnk|x86.ActiveCfg = Release|Any CPU
	EndGlobalSection
	GlobalSection(SolutionProperties) = preSolution
		HideSolutionNode = FALSE
	EndGlobalSection
EndGlobal
